# This file is automatically @generated by Poetry 1.7.0 and should not be changed by hand.

[[package]]
name = "lark"
version = "1.1.8"
description = "a modern parsing library"
optional = false
python-versions = ">=3.6"
files = [
    {file = "lark-1.1.8-py3-none-any.whl", hash = "sha256:7d2c221a66a8165f3f81aacb958d26033d40d972fdb70213ab0a2e0627e29c86"},
    {file = "lark-1.1.8.tar.gz", hash = "sha256:7ef424db57f59c1ffd6f0d4c2b705119927f566b68c0fe1942dddcc0e44391a5"},
]

[package.extras]
atomic-cache = ["atomicwrites"]
interegular = ["interegular (>=0.3.1,<0.4.0)"]
nearley = ["js2py"]
regex = ["regex"]

[[package]]
name = "pycparser"
version = "2.21"
description = "C parser in Python"
optional = false
python-versions = ">=2.7, !=3.0.*, !=3.1.*, !=3.2.*, !=3.3.*"
files = [
    {file = "pycparser-2.21-py2.py3-none-any.whl", hash = "sha256:8ee45429555515e1f6b185e78100aea234072576aa43ab53aefcae078162fca9"},
    {file = "pycparser-2.21.tar.gz", hash = "sha256:e644fdec12f7872f86c58ff790da456218b10f863970249516d60a5eaca77206"},
]

[[package]]
name = "pycparser-fake-libc"
version = "2.21"
description = "Pip-installable package with pycparser's fake libc headers"
optional = false
python-versions = "*"
files = [
    {file = "pycparser-fake-libc-2.21.tar.gz", hash = "sha256:a46fb5dada548182c39da340a6cd7366851359ffb78dee27cc619d65c33a51e8"},
    {file = "pycparser_fake_libc-2.21-py2.py3-none-any.whl", hash = "sha256:ae1e51a6cab2f514f6612cb876ed70056ed49ea871c0d809b524f858e5cf5cd2"},
]

[metadata]
lock-version = "2.0"
python-versions = "^3.8"
content-hash = "0623f71e82dd0d4fe92fb56d1d51e2d31b98d599ffcf5ae3cd4114b53c519418"
